PODS:
  - UMCAnalytics (5.5.0):
    - UMCCommon
  - UMCCommon (1.5.0)
  - UMCSecurityPlugins (1.0.6)

DEPENDENCIES:
  - UMCAnalytics
  - UMCCommon
  - UMCSecurityPlugins

SPEC REPOS:
  https://github.com/CocoaPods/Specs.git:
    - UMCAnalytics
    - UMCCommon
    - UMCSecurityPlugins

SPEC CHECKSUMS:
  UMCAnalytics: 4667788559a72f2fa5077117d1b8802a3b6eb6bb
  UMCCommon: 82d21f4bb9532a5472cc533bbd8ed48aff376a14
  UMCSecurityPlugins: 0831a08f3988f3cea9f1d3a7626cd9bee4fef150

PODFILE CHECKSUM: 2dcf933c22fa1cd1201a3ad9ae5b1384b1389aa8

COCOAPODS: 1.5.0
